<?xml version="1.0" encoding="utf-8"?>
<Project ToolsVersion="4.0" xmlns="http://schemas.microsoft.com/developer/msbuild/2003">
  <ItemGroup>
    <ClCompile Include="Main.cpp" />
    <ClCompile Include="stdafx.cpp" />
    <ClCompile Include="Vertex_Line.cpp">
      <Filter>VertexShader</Filter>
    </ClCompile>
    <ClCompile Include="WorldDemo.cpp">
      <Filter>WorldDemo</Filter>
    </ClCompile>
    <ClCompile Include="IndexDemo.cpp">
      <Filter>IndexDemo</Filter>
    </ClCompile>
    <ClCompile Include="GridDemo.cpp">
      <Filter>GridDemo</Filter>
    </ClCompile>
    <ClCompile Include="CubeDemo.cpp">
      <Filter>CubeDemo</Filter>
    </ClCompile>
    <ClCompile Include="RotationDemo.cpp">
      <Filter>RotationDemo</Filter>
    </ClCompile>
    <ClCompile Include="TextureDemo.cpp">
      <Filter>TextureDemo</Filter>
    </ClCompile>
    <ClCompile Include="TerrainDemo.cpp">
      <Filter>TerrainDemo</Filter>
    </ClCompile>
    <ClCompile Include="GetHeightDemo.cpp">
      <Filter>GetHeightDemo</Filter>
    </ClCompile>
  </ItemGroup>
  <ItemGroup>
    <ClInclude Include="Main.h" />
    <ClInclude Include="stdafx.h" />
    <ClInclude Include="Vertex_Line.h">
      <Filter>VertexShader</Filter>
    </ClInclude>
    <ClInclude Include="WorldDemo.h">
      <Filter>WorldDemo</Filter>
    </ClInclude>
    <ClInclude Include="IndexDemo.h">
      <Filter>IndexDemo</Filter>
    </ClInclude>
    <ClInclude Include="GridDemo.h">
      <Filter>GridDemo</Filter>
    </ClInclude>
    <ClInclude Include="CubeDemo.h">
      <Filter>CubeDemo</Filter>
    </ClInclude>
    <ClInclude Include="RotationDemo.h">
      <Filter>RotationDemo</Filter>
    </ClInclude>
    <ClInclude Include="TextureDemo.h">
      <Filter>TextureDemo</Filter>
    </ClInclude>
    <ClInclude Include="TerrainDemo.h">
      <Filter>TerrainDemo</Filter>
    </ClInclude>
    <ClInclude Include="GetHeightDemo.h">
      <Filter>GetHeightDemo</Filter>
    </ClInclude>
  </ItemGroup>
  <ItemGroup>
    <Filter Include="VertexShader">
      <UniqueIdentifier>{e24b6315-cd31-4502-8707-3ef853d0cc15}</UniqueIdentifier>
    </Filter>
    <Filter Include="WorldDemo">
      <UniqueIdentifier>{5db2f4dd-09dc-493c-a5e9-f48afbe57b25}</UniqueIdentifier>
    </Filter>
    <Filter Include="IndexDemo">
      <UniqueIdentifier>{f6c0c9f8-890a-45fb-b15e-26f3ee8da414}</UniqueIdentifier>
    </Filter>
    <Filter Include="GridDemo">
      <UniqueIdentifier>{79946ff5-ef2a-4433-89c8-df21d51b36f1}</UniqueIdentifier>
    </Filter>
    <Filter Include="CubeDemo">
      <UniqueIdentifier>{fd2817ec-a422-46bd-b647-7c09d646dd44}</UniqueIdentifier>
    </Filter>
    <Filter Include="RotationDemo">
      <UniqueIdentifier>{01336ed6-ddb5-4b7a-8f3c-d32c9bdb0257}</UniqueIdentifier>
    </Filter>
    <Filter Include="TextureDemo">
      <UniqueIdentifier>{ca89b111-334f-4d4a-99f2-cb05a60f7560}</UniqueIdentifier>
    </Filter>
    <Filter Include="TerrainDemo">
      <UniqueIdentifier>{f2afb033-2f27-49b3-adf8-0ce213e11925}</UniqueIdentifier>
    </Filter>
    <Filter Include="GetHeightDemo">
      <UniqueIdentifier>{c9a34e31-0aaf-4e05-8b26-069672f0a95b}</UniqueIdentifier>
    </Filter>
  </ItemGroup>
</Project>